
Microsoft Visual Studio Solution File, Format Version 12.00
# Visual Studio 15
VisualStudioVersion = 15.0.28010.2016
MinimumVisualStudioVersion = 10.0.40219.1
Project("{FAE04EC0-301F-11D3-BF4B-00C04F79EFBC}") = "Ch14-P2-CarLibrary", "Ch14-P2-CarLibrary\Ch14-P2-CarLibrary.csproj", "{414FE7B9-E289-407D-B601-5E7E682192A3}"
EndProject
Global
	GlobalSection(SolutionConfigurationPlatforms) = preSolution
		Debug|Any CPU = Debug|Any CPU
		Release|Any CPU = Release|Any CPU
	EndGlobalSection
	GlobalSection(ProjectConfigurationPlatforms) = postSolution
		{414FE7B9-E289-407D-B601-5E7E682192A3}.Debug|Any CPU.ActiveCfg = Debug|Any CPU
		{414FE7B9-E289-407D-B601-5E7E682192A3}.Debug|Any CPU.Build.0 = Debug|Any CPU
		{414FE7B9-E289-407D-B601-5E7E682192A3}.Release|Any CPU.ActiveCfg = Release|Any CPU
		{414FE7B9-E289-407D-B601-5E7E682192A3}.Release|Any CPU.Build.0 = Release|Any CPU
	EndGlobalSection
	GlobalSection(SolutionProperties) = preSolution
		HideSolutionNode = FALSE
	EndGlobalSection
	GlobalSection(ExtensibilityGlobals) = postSolution
		SolutionGuid = {0460788C-8FE7-4B4B-84EE-AD0D11732BD5}
	EndGlobalSection
EndGlobal
